# This file is automatically @generated by Poetry 1.8.3 and should not be changed by hand.

[[package]]
name = "asgiref"
version = "3.8.1"
description = "ASGI specs, helper code, and adapters"
optional = false
python-versions = ">=3.8"
files = [
    {file = "asgiref-3.8.1-py3-none-any.whl", hash = "sha256:3e1e3ecc849832fe52ccf2cb6686b7a55f82bb1d6aee72a58826471390335e47"},
    {file = "asgiref-3.8.1.tar.gz", hash = "sha256:c343bd80a0bec947a9860adb4c432ffa7db769836c64238fc34bdc3fec84d590"},
]

[package.extras]
tests = ["mypy (>=0.800)", "pytest", "pytest-asyncio"]

[[package]]
name = "django"
version = "4.2.17"
description = "A high-level Python web framework that encourages rapid development and clean, pragmatic design."
optional = false
python-versions = ">=3.8"
files = [
    {file = "Django-4.2.17-py3-none-any.whl", hash = "sha256:3a93350214ba25f178d4045c0786c61573e7dbfa3c509b3551374f1e11ba8de0"},
    {file = "Django-4.2.17.tar.gz", hash = "sha256:6b56d834cc94c8b21a8f4e775064896be3b4a4ca387f2612d4406a5927cd2fdc"},
]

[package.dependencies]
asgiref = ">=3.6.0,<4"
sqlparse = ">=0.3.1"
tzdata = {version = "*", markers = "sys_platform == \"win32\""}

[package.extras]
argon2 = ["argon2-cffi (>=19.1.0)"]
bcrypt = ["bcrypt"]

[[package]]
name = "django-admin-list-filter-dropdown"
version = "1.0.3"
description = "Use dropdowns in Django admin list filter"
optional = false
python-versions = "*"
files = [
    {file = "django-admin-list-filter-dropdown-1.0.3.tar.gz", hash = "sha256:07cd37b6a9be1b08f11d4a92957c69b67bc70b1f87a2a7d4ae886c93ea51eb53"},
    {file = "django_admin_list_filter_dropdown-1.0.3-py3-none-any.whl", hash = "sha256:bf1b48bab9772dad79db71efef17e78782d4f2421444d5e49bb10e0da71cd6bb"},
]

[[package]]
name = "django-filter"
version = "23.5"
description = "Django-filter is a reusable Django application for allowing users to filter querysets dynamically."
optional = false
python-versions = ">=3.7"
files = [
    {file = "django-filter-23.5.tar.gz", hash = "sha256:67583aa43b91fe8c49f74a832d95f4d8442be628fd4c6d65e9f811f5153a4e5c"},
    {file = "django_filter-23.5-py3-none-any.whl", hash = "sha256:99122a201d83860aef4fe77758b69dda913e874cc5e0eaa50a86b0b18d708400"},
]

[package.dependencies]
Django = ">=3.2"

[[package]]
name = "djangorestframework"
version = "3.15.2"
description = "Web APIs for Django, made easy."
optional = false
python-versions = ">=3.8"
files = [
    {file = "djangorestframework-3.15.2-py3-none-any.whl", hash = "sha256:2b8871b062ba1aefc2de01f773875441a961fefbf79f5eed1e32b2f096944b20"},
    {file = "djangorestframework-3.15.2.tar.gz", hash = "sha256:36fe88cd2d6c6bec23dca9804bab2ba5517a8bb9d8f47ebc68981b56840107ad"},
]

[package.dependencies]
django = ">=4.2"

[[package]]
name = "sqlparse"
version = "0.5.3"
description = "A non-validating SQL parser."
optional = false
python-versions = ">=3.8"
files = [
    {file = "sqlparse-0.5.3-py3-none-any.whl", hash = "sha256:cf2196ed3418f3ba5de6af7e82c694a9fbdbfecccdfc72e281548517081f16ca"},
    {file = "sqlparse-0.5.3.tar.gz", hash = "sha256:09f67787f56a0b16ecdbde1bfc7f5d9c3371ca683cfeaa8e6ff60b4807ec9272"},
]

[package.extras]
dev = ["build", "hatch"]
doc = ["sphinx"]

[[package]]
name = "tzdata"
version = "2024.2"
description = "Provider of IANA time zone data"
optional = false
python-versions = ">=2"
files = [
    {file = "tzdata-2024.2-py2.py3-none-any.whl", hash = "sha256:a48093786cdcde33cad18c2555e8532f34422074448fbc874186f0abd79565cd"},
    {file = "tzdata-2024.2.tar.gz", hash = "sha256:7d85cc416e9382e69095b7bdf4afd9e3880418a2413feec7069d533d6b4e31cc"},
]

[[package]]
name = "uuid6"
version = "2023.5.2"
description = "New time-based UUID formats which are suited for use as a database key"
optional = false
python-versions = ">=3.8"
files = [
    {file = "uuid6-2023.5.2-py3-none-any.whl", hash = "sha256:9a8125a621426f24d3e4811f9885e7c0c6567ed3cc47f68fe8d41112e603bf85"},
    {file = "uuid6-2023.5.2.tar.gz", hash = "sha256:03cb97f25ca7b0ac4bea2b3a205f66bfe7f58d3b179bb0f76e1d7946446b6133"},
]

[metadata]
lock-version = "2.0"
python-versions = "^3.11"
content-hash = "d49802528ca5420a36b61a06ab0b6eb1152280b926dcac326179cdf0947c07b6"
